
Microsoft Visual Studio Solution File, Format Version 12.00
# Visual Studio Version 17
VisualStudioVersion = 17.8.34330.188
MinimumVisualStudioVersion = 10.0.40219.1
Project("{9A19103F-16F7-4668-BE54-9A1E7A4F7556}") = "Lab5", "Lab5\Lab5.csproj", "{2EBFFA0F-CB10-4ECD-AEB0-C5CB2C1D8092}"
EndProject
Project("{2150E333-8FDC-42A3-9474-1A3956D46DE8}") = "Solution Items", "Solution Items", "{F0D4459D-815E-474A-8615-03CA36ECEFD5}"
	ProjectSection(SolutionItems) = preProject
		README.md = README.md
	EndProjectSection
EndProject
Global
	GlobalSection(SolutionConfigurationPlatforms) = preSolution
		Debug|Any CPU = Debug|Any CPU
		Release|Any CPU = Release|Any CPU
	EndGlobalSection
	GlobalSection(ProjectConfigurationPlatforms) = postSolution
		{2EBFFA0F-CB10-4ECD-AEB0-C5CB2C1D8092}.Debug|Any CPU.ActiveCfg = Debug|Any CPU
		{2EBFFA0F-CB10-4ECD-AEB0-C5CB2C1D8092}.Debug|Any CPU.Build.0 = Debug|Any CPU
		{2EBFFA0F-CB10-4ECD-AEB0-C5CB2C1D8092}.Release|Any CPU.ActiveCfg = Release|Any CPU
		{2EBFFA0F-CB10-4ECD-AEB0-C5CB2C1D8092}.Release|Any CPU.Build.0 = Release|Any CPU
	EndGlobalSection
	GlobalSection(SolutionProperties) = preSolution
		HideSolutionNode = FALSE
	EndGlobalSection
	GlobalSection(ExtensibilityGlobals) = postSolution
		SolutionGuid = {1691B136-1788-45CC-9CE1-6D7794026154}
	EndGlobalSection
EndGlobal
